<?xml version="1.0" encoding="utf-8"?>
<Project ToolsVersion="4.0" xmlns="http://schemas.microsoft.com/developer/msbuild/2003">
  <ItemGroup>
    <Filter Include="Generated Files">
      <UniqueIdentifier>{71ED8ED8-ACB9-4CE9-BBE1-E00B30144E11}</UniqueIdentifier>
      <Extensions>cpp;c;cxx;moc;h;def;odl;idl;res;</Extensions>
    </Filter>
    <Filter Include="Generated Files">
      <UniqueIdentifier>{71ED8ED8-ACB9-4CE9-BBE1-E00B30144E11}</UniqueIdentifier>
      <Extensions>cpp;c;cxx;moc;h;def;odl;idl;res;</Extensions>
    </Filter>
    <Filter Include="Header Files">
      <UniqueIdentifier>{93995380-89BD-4b04-88EB-625FBE52EBFB}</UniqueIdentifier>
      <Extensions>h;hpp;hxx;hm;inl;inc;xsd</Extensions>
    </Filter>
    <Filter Include="Header Files">
      <UniqueIdentifier>{93995380-89BD-4b04-88EB-625FBE52EBFB}</UniqueIdentifier>
      <Extensions>h;hpp;hxx;hm;inl;inc;xsd</Extensions>
    </Filter>
    <Filter Include="Source Files">
      <UniqueIdentifier>{4FC737F1-C7A5-4376-A066-2A32D752A2FF}</UniqueIdentifier>
      <Extensions>cpp;c;cxx;def;odl;idl;hpj;bat;asm;asmx</Extensions>
    </Filter>
    <Filter Include="Source Files">
      <UniqueIdentifier>{4FC737F1-C7A5-4376-A066-2A32D752A2FF}</UniqueIdentifier>
      <Extensions>cpp;c;cxx;def;odl;idl;hpj;bat;asm;asmx</Extensions>
    </Filter>
  </ItemGroup>
  <ItemGroup>
    <ClCompile Include="..\src\XAllocatorBase.cpp">
      <Filter>Source Files</Filter>
    </ClCompile>
    <ClCompile Include="..\src\XArrayMath.cpp">
      <Filter>Source Files</Filter>
    </ClCompile>
    <ClCompile Include="..\src\XAssert.cpp">
      <Filter>Source Files</Filter>
    </ClCompile>
    <ClCompile Include="..\src\XBaseObject.cpp">
      <Filter>Source Files</Filter>
    </ClCompile>
    <ClCompile Include="..\src\XBucketAllocator.cpp">
      <Filter>Source Files</Filter>
    </ClCompile>
    <ClCompile Include="..\src\XChildEvent.cpp">
      <Filter>Source Files</Filter>
    </ClCompile>
    <ClCompile Include="..\src\XCodeLocation.cpp">
      <Filter>Source Files</Filter>
    </ClCompile>
    <ClCompile Include="..\src\XCurve.cpp">
      <Filter>Source Files</Filter>
    </ClCompile>
    <ClCompile Include="..\src\XEventLogger.cpp">
      <Filter>Source Files</Filter>
    </ClCompile>
    <ClCompile Include="..\src\XFileSequence.cpp">
      <Filter>Source Files</Filter>
    </ClCompile>
    <ClCompile Include="..\src\XMemoryTracker.cpp">
      <Filter>Source Files</Filter>
    </ClCompile>
    <ClCompile Include="..\src\XMessageHandler.cpp">
      <Filter>Source Files</Filter>
    </ClCompile>
    <ClCompile Include="..\src\XMessageRouter.cpp">
      <Filter>Source Files</Filter>
    </ClCompile>
    <ClCompile Include="..\src\XMetaType.cpp">
      <Filter>Source Files</Filter>
    </ClCompile>
    <ClCompile Include="..\src\XObject.cpp">
      <Filter>Source Files</Filter>
    </ClCompile>
    <ClCompile Include="..\src\XProfileWidget.cpp">
      <Filter>Source Files</Filter>
    </ClCompile>
    <ClCompile Include="..\src\XProfiler.cpp">
      <Filter>Source Files</Filter>
    </ClCompile>
    <ClCompile Include="..\src\XSize.cpp">
      <Filter>Source Files</Filter>
    </ClCompile>
    <ClCompile Include="..\src\XTime.cpp">
      <Filter>Source Files</Filter>
    </ClCompile>
    <ClCompile Include="..\src\XUnorderedMap.cpp">
      <Filter>Source Files</Filter>
    </ClCompile>
    <ClCompile Include="..\src\XVariant.cpp">
      <Filter>Source Files</Filter>
    </ClCompile>
  </ItemGroup>
  <ItemGroup>
    <ClInclude Include="..\Eigen\Array">
      <Filter>Header Files</Filter>
    </ClInclude>
    <ClInclude Include="..\Eigen\src\Core\Array.h">
      <Filter>Header Files</Filter>
    </ClInclude>
    <ClInclude Include="..\Eigen\src\Core\ArrayBase.h">
      <Filter>Header Files</Filter>
    </ClInclude>
    <ClInclude Include="..\Eigen\src\Core\ArrayWrapper.h">
      <Filter>Header Files</Filter>
    </ClInclude>
    <ClInclude Include="..\Eigen\src\Core\Assign.h">
      <Filter>Header Files</Filter>
    </ClInclude>
    <ClInclude Include="..\Eigen\src\Core\BandMatrix.h">
      <Filter>Header Files</Filter>
    </ClInclude>
    <ClInclude Include="..\Eigen\src\Core\Block.h">
      <Filter>Header Files</Filter>
    </ClInclude>
    <ClInclude Include="..\Eigen\src\Core\BooleanRedux.h">
      <Filter>Header Files</Filter>
    </ClInclude>
    <ClInclude Include="..\Eigen\Cholesky">
      <Filter>Header Files</Filter>
    </ClInclude>
    <ClInclude Include="..\Eigen\src\Core\CommaInitializer.h">
      <Filter>Header Files</Filter>
    </ClInclude>
    <ClInclude Include="..\Eigen\Core">
      <Filter>Header Files</Filter>
    </ClInclude>
    <ClInclude Include="..\Eigen\src\Core\CwiseBinaryOp.h">
      <Filter>Header Files</Filter>
    </ClInclude>
    <ClInclude Include="..\Eigen\src\Core\CwiseNullaryOp.h">
      <Filter>Header Files</Filter>
    </ClInclude>
    <ClInclude Include="..\Eigen\src\Core\CwiseUnaryOp.h">
      <Filter>Header Files</Filter>
    </ClInclude>
    <ClInclude Include="..\Eigen\src\Core\CwiseUnaryView.h">
      <Filter>Header Files</Filter>
    </ClInclude>
    <ClInclude Include="..\Eigen\Dense">
      <Filter>Header Files</Filter>
    </ClInclude>
    <ClInclude Include="..\Eigen\src\Core\DenseBase.h">
      <Filter>Header Files</Filter>
    </ClInclude>
    <ClInclude Include="..\Eigen\src\Core\DenseCoeffsBase.h">
      <Filter>Header Files</Filter>
    </ClInclude>
    <ClInclude Include="..\Eigen\src\Core\DenseStorage.h">
      <Filter>Header Files</Filter>
    </ClInclude>
    <ClInclude Include="..\Eigen\src\Core\Diagonal.h">
      <Filter>Header Files</Filter>
    </ClInclude>
    <ClInclude Include="..\Eigen\src\Core\DiagonalMatrix.h">
      <Filter>Header Files</Filter>
    </ClInclude>
    <ClInclude Include="..\Eigen\src\Core\DiagonalProduct.h">
      <Filter>Header Files</Filter>
    </ClInclude>
    <ClInclude Include="..\Eigen\src\Core\Dot.h">
      <Filter>Header Files</Filter>
    </ClInclude>
    <ClInclude Include="..\Eigen\Eigen">
      <Filter>Header Files</Filter>
    </ClInclude>
    <ClInclude Include="..\Eigen\Eigen2Support">
      <Filter>Header Files</Filter>
    </ClInclude>
    <ClInclude Include="..\Eigen\src\Core\EigenBase.h">
      <Filter>Header Files</Filter>
    </ClInclude>
    <ClInclude Include="..\Eigen\Eigenvalues">
      <Filter>Header Files</Filter>
    </ClInclude>
    <ClInclude Include="..\Eigen\src\Core\Flagged.h">
      <Filter>Header Files</Filter>
    </ClInclude>
    <ClInclude Include="..\Eigen\src\Core\ForceAlignedAccess.h">
      <Filter>Header Files</Filter>
    </ClInclude>
    <ClInclude Include="..\Eigen\src\Core\Functors.h">
      <Filter>Header Files</Filter>
    </ClInclude>
    <ClInclude Include="..\Eigen\src\Core\Fuzzy.h">
      <Filter>Header Files</Filter>
    </ClInclude>
    <ClInclude Include="..\Eigen\src\Core\GenericPacketMath.h">
      <Filter>Header Files</Filter>
    </ClInclude>
    <ClInclude Include="..\Eigen\Geometry">
      <Filter>Header Files</Filter>
    </ClInclude>
    <ClInclude Include="..\Eigen\src\Core\GlobalFunctions.h">
      <Filter>Header Files</Filter>
    </ClInclude>
    <ClInclude Include="..\Eigen\Householder">
      <Filter>Header Files</Filter>
    </ClInclude>
    <ClInclude Include="..\Eigen\src\Core\IO.h">
      <Filter>Header Files</Filter>
    </ClInclude>
    <ClInclude Include="..\Eigen\Jacobi">
      <Filter>Header Files</Filter>
    </ClInclude>
    <ClInclude Include="..\Eigen\LU">
      <Filter>Header Files</Filter>
    </ClInclude>
    <ClInclude Include="..\Eigen\LeastSquares">
      <Filter>Header Files</Filter>
    </ClInclude>
    <ClInclude Include="..\Eigen\src\Core\Map.h">
      <Filter>Header Files</Filter>
    </ClInclude>
    <ClInclude Include="..\Eigen\src\Core\MapBase.h">
      <Filter>Header Files</Filter>
    </ClInclude>
    <ClInclude Include="..\Eigen\src\Core\MathFunctions.h">
      <Filter>Header Files</Filter>
    </ClInclude>
    <ClInclude Include="..\Eigen\src\Core\Matrix.h">
      <Filter>Header Files</Filter>
    </ClInclude>
    <ClInclude Include="..\Eigen\src\Core\MatrixBase.h">
      <Filter>Header Files</Filter>
    </ClInclude>
    <ClInclude Include="..\Eigen\src\Core\NestByValue.h">
      <Filter>Header Files</Filter>
    </ClInclude>
    <ClInclude Include="..\Eigen\src\Core\NoAlias.h">
      <Filter>Header Files</Filter>
    </ClInclude>
    <ClInclude Include="..\Eigen\src\Core\NumTraits.h">
      <Filter>Header Files</Filter>
    </ClInclude>
    <ClInclude Include="..\Eigen\src\Core\PermutationMatrix.h">
      <Filter>Header Files</Filter>
    </ClInclude>
    <ClInclude Include="..\Eigen\src\Core\PlainObjectBase.h">
      <Filter>Header Files</Filter>
    </ClInclude>
    <ClInclude Include="..\Eigen\src\Core\Product.h">
      <Filter>Header Files</Filter>
    </ClInclude>
    <ClInclude Include="..\Eigen\src\Core\ProductBase.h">
      <Filter>Header Files</Filter>
    </ClInclude>
    <ClInclude Include="..\Eigen\QR">
      <Filter>Header Files</Filter>
    </ClInclude>
    <ClInclude Include="..\Eigen\QtAlignedMalloc">
      <Filter>Header Files</Filter>
    </ClInclude>
    <ClInclude Include="..\Eigen\src\Core\Random.h">
      <Filter>Header Files</Filter>
    </ClInclude>
    <ClInclude Include="..\Eigen\src\Core\Redux.h">
      <Filter>Header Files</Filter>
    </ClInclude>
    <ClInclude Include="..\Eigen\src\Core\Replicate.h">
      <Filter>Header Files</Filter>
    </ClInclude>
    <ClInclude Include="..\Eigen\src\Core\ReturnByValue.h">
      <Filter>Header Files</Filter>
    </ClInclude>
    <ClInclude Include="..\Eigen\src\Core\Reverse.h">
      <Filter>Header Files</Filter>
    </ClInclude>
    <ClInclude Include="..\Eigen\SVD">
      <Filter>Header Files</Filter>
    </ClInclude>
    <ClInclude Include="..\Eigen\src\Core\Select.h">
      <Filter>Header Files</Filter>
    </ClInclude>
    <ClInclude Include="..\Eigen\src\Core\SelfAdjointView.h">
      <Filter>Header Files</Filter>
    </ClInclude>
    <ClInclude Include="..\Eigen\src\Core\SelfCwiseBinaryOp.h">
      <Filter>Header Files</Filter>
    </ClInclude>
    <ClInclude Include="..\Eigen\src\Core\SolveTriangular.h">
      <Filter>Header Files</Filter>
    </ClInclude>
    <ClInclude Include="..\Eigen\Sparse">
      <Filter>Header Files</Filter>
    </ClInclude>
    <ClInclude Include="..\Eigen\src\Core\StableNorm.h">
      <Filter>Header Files</Filter>
    </ClInclude>
    <ClInclude Include="..\Eigen\StdDeque">
      <Filter>Header Files</Filter>
    </ClInclude>
    <ClInclude Include="..\Eigen\StdList">
      <Filter>Header Files</Filter>
    </ClInclude>
    <ClInclude Include="..\Eigen\StdVector">
      <Filter>Header Files</Filter>
    </ClInclude>
    <ClInclude Include="..\Eigen\src\Core\Stride.h">
      <Filter>Header Files</Filter>
    </ClInclude>
    <ClInclude Include="..\Eigen\src\Core\Swap.h">
      <Filter>Header Files</Filter>
    </ClInclude>
    <ClInclude Include="..\Eigen\src\Core\Transpose.h">
      <Filter>Header Files</Filter>
    </ClInclude>
    <ClInclude Include="..\Eigen\src\Core\Transpositions.h">
      <Filter>Header Files</Filter>
    </ClInclude>
    <ClInclude Include="..\Eigen\src\Core\TriangularMatrix.h">
      <Filter>Header Files</Filter>
    </ClInclude>
    <ClInclude Include="..\Eigen\src\Core\VectorBlock.h">
      <Filter>Header Files</Filter>
    </ClInclude>
    <ClInclude Include="..\Eigen\src\Core\VectorwiseOp.h">
      <Filter>Header Files</Filter>
    </ClInclude>
    <ClInclude Include="..\Eigen\src\Core\Visitor.h">
      <Filter>Header Files</Filter>
    </ClInclude>
    <ClInclude Include="..\XAllocatorBase">
      <Filter>Header Files</Filter>
    </ClInclude>
    <ClInclude Include="..\XArrayMath">
      <Filter>Header Files</Filter>
    </ClInclude>
    <ClInclude Include="..\XAssert">
      <Filter>Header Files</Filter>
    </ClInclude>
    <ClInclude Include="..\XBaseObject">
      <Filter>Header Files</Filter>
    </ClInclude>
    <ClInclude Include="..\XBucketAllocator">
      <Filter>Header Files</Filter>
    </ClInclude>
    <ClInclude Include="..\XChildEvent">
      <Filter>Header Files</Filter>
    </ClInclude>
    <ClInclude Include="..\XCodeLocation">
      <Filter>Header Files</Filter>
    </ClInclude>
    <ClInclude Include="..\XColour">
      <Filter>Header Files</Filter>
    </ClInclude>
    <ClInclude Include="..\XCurve">
      <Filter>Header Files</Filter>
    </ClInclude>
    <ClInclude Include="..\XEventLogger">
      <Filter>Header Files</Filter>
    </ClInclude>
    <ClInclude Include="..\XFileSequence">
      <Filter>Header Files</Filter>
    </ClInclude>
    <ClInclude Include="..\XFlags">
      <Filter>Header Files</Filter>
    </ClInclude>
    <ClInclude Include="..\XGenericMatrix">
      <Filter>Header Files</Filter>
    </ClInclude>
    <ClInclude Include="..\XGlobal">
      <Filter>Header Files</Filter>
    </ClInclude>
    <ClInclude Include="..\XList">
      <Filter>Header Files</Filter>
    </ClInclude>
    <ClInclude Include="..\XMacroHelpers">
      <Filter>Header Files</Filter>
    </ClInclude>
    <ClInclude Include="..\XMathHelpers">
      <Filter>Header Files</Filter>
    </ClInclude>
    <ClInclude Include="..\XMatrix3x3">
      <Filter>Header Files</Filter>
    </ClInclude>
    <ClInclude Include="..\XMatrix4x4">
      <Filter>Header Files</Filter>
    </ClInclude>
    <ClInclude Include="..\XMemoryTracker">
      <Filter>Header Files</Filter>
    </ClInclude>
    <CustomBuild Include="..\XMessageHandler">
      <Filter>Header Files</Filter>
    </CustomBuild>
    <CustomBuild Include="..\XMessageRouter">
      <Filter>Header Files</Filter>
    </CustomBuild>
    <ClInclude Include="..\XMetaType">
      <Filter>Header Files</Filter>
    </ClInclude>
    <ClInclude Include="..\XObject">
      <Filter>Header Files</Filter>
    </ClInclude>
    <ClInclude Include="..\XOptional">
      <Filter>Header Files</Filter>
    </ClInclude>
    <CustomBuild Include="..\XProfileWidget">
      <Filter>Header Files</Filter>
    </CustomBuild>
    <ClInclude Include="..\XProfiler">
      <Filter>Header Files</Filter>
    </ClInclude>
    <ClInclude Include="..\XProperty">
      <Filter>Header Files</Filter>
    </ClInclude>
    <ClInclude Include="..\XQuaternion">
      <Filter>Header Files</Filter>
    </ClInclude>
    <ClInclude Include="..\XSet">
      <Filter>Header Files</Filter>
    </ClInclude>
    <ClInclude Include="..\XShared">
      <Filter>Header Files</Filter>
    </ClInclude>
    <ClInclude Include="..\XSignal">
      <Filter>Header Files</Filter>
    </ClInclude>
    <ClInclude Include="..\XSize">
      <Filter>Header Files</Filter>
    </ClInclude>
    <ClInclude Include="..\XTemplateHelpers">
      <Filter>Header Files</Filter>
    </ClInclude>
    <ClInclude Include="..\XTime">
      <Filter>Header Files</Filter>
    </ClInclude>
    <ClInclude Include="..\XUnorderedMap">
      <Filter>Header Files</Filter>
    </ClInclude>
    <ClInclude Include="..\XVariant">
      <Filter>Header Files</Filter>
    </ClInclude>
    <ClInclude Include="..\XVector">
      <Filter>Header Files</Filter>
    </ClInclude>
    <ClInclude Include="..\XVector2D">
      <Filter>Header Files</Filter>
    </ClInclude>
    <ClInclude Include="..\XVector3D">
      <Filter>Header Files</Filter>
    </ClInclude>
    <ClInclude Include="..\XVector4D">
      <Filter>Header Files</Filter>
    </ClInclude>
    <ClInclude Include="..\XWeakShared">
      <Filter>Header Files</Filter>
    </ClInclude>
  </ItemGroup>
  <ItemGroup>
    <ClCompile Include="debug\moc_XMessageHandler.cpp">
      <Filter>Generated Files</Filter>
    </ClCompile>
    <ClCompile Include="release\moc_XMessageHandler.cpp">
      <Filter>Generated Files</Filter>
    </ClCompile>
    <ClCompile Include="debug\moc_XMessageRouter.cpp">
      <Filter>Generated Files</Filter>
    </ClCompile>
    <ClCompile Include="release\moc_XMessageRouter.cpp">
      <Filter>Generated Files</Filter>
    </ClCompile>
    <ClCompile Include="debug\moc_XProfileWidget.cpp">
      <Filter>Generated Files</Filter>
    </ClCompile>
    <ClCompile Include="release\moc_XProfileWidget.cpp">
      <Filter>Generated Files</Filter>
    </ClCompile>
  </ItemGroup>
</Project>